version = 1
revision = 3
requires-python = ">=3.14, <4.0"

[[package]]
name = "annotated-doc"
version = "0.0.4"
source = { registry = "https://pypi.org/simple" }
sdist = { url = "https://files.pythonhosted.org/packages/57/ba/046ceea27344560984e26a590f90bc7f4a75b06701f653222458922b558c/annotated_doc-0.0.4.tar.gz", hash = "sha256:fbcda96e87e9c92ad167c2e53839e57503ecfda18804ea28102353485033faa4", size = 7288, upload-time = "2025-11-10T22:07:42.062Z" }
wheels = [
    { url = "https://files.pythonhosted.org/packages/1e/d3/26bf1008eb3d2daa8ef4cacc7f3bfdc11818d111f7e2d0201bc6e3b49d45/annotated_doc-0.0.4-py3-none-any.whl", hash = "sha256:571ac1dc6991c450b25a9c2d84a3705e2ae7a53467b5d111c24fa8baabbed320", size = 5303, upload-time = "2025-11-10T22:07:40.673Z" },
]

[[package]]
name = "attrs"
version = "25.4.0"
source = { registry = "https://pypi.org/simple" }
sdist = { url = "https://files.pythonhosted.org/packages/6b/5c/685e6633917e101e5dcb62b9dd76946cbb57c26e133bae9e0cd36033c0a9/attrs-25.4.0.tar.gz", hash = "sha256:16d5969b87f0859ef33a48b35d55ac1be6e42ae49d5e853b597db70c35c57e11", size = 934251, upload-time = "2025-10-06T13:54:44.725Z" }
wheels = [
    { url = "https://files.pythonhosted.org/packages/3a/2a/7cc015f5b9f5db42b7d48157e23356022889fc354a2813c15934b7cb5c0e/attrs-25.4.0-py3-none-any.whl", hash = "sha256:adcf7e2a1fb3b36ac48d97835bb6d8ade15b8dcce26aba8bf1d14847b57a3373", size = 67615, upload-time = "2025-10-06T13:54:43.17Z" },
]

[[package]]
name = "babel"
version = "2.18.0"
source = { registry = "https://pypi.org/simple" }
sdist = { url = "https://files.pythonhosted.org/packages/7d/b2/51899539b6ceeeb420d40ed3cd4b7a40519404f9baf3d4ac99dc413a834b/babel-2.18.0.tar.gz", hash = "sha256:b80b99a14bd085fcacfa15c9165f651fbb3406e66cc603abf11c5750937c992d", size = 9959554, upload-time = "2026-02-01T12:30:56.078Z" }
wheels = [
    { url = "https://files.pythonhosted.org/packages/77/f5/21d2de20e8b8b0408f0681956ca2c69f1320a3848ac50e6e7f39c6159675/babel-2.18.0-py3-none-any.whl", hash = "sha256:e2b422b277c2b9a9630c1d7903c2a00d0830c409c59ac8cae9081c92f1aeba35", size = 10196845, upload-time = "2026-02-01T12:30:53.445Z" },
]

[[package]]
name = "certifi"
version = "2026.1.4"
source = { registry = "https://pypi.org/simple" }
sdist = { url = "https://files.pythonhosted.org/packages/e0/2d/a891ca51311197f6ad14a7ef42e2399f36cf2f9bd44752b3dc4eab60fdc5/certifi-2026.1.4.tar.gz", hash = "sha256:ac726dd470482006e014ad384921ed6438c457018f4b3d204aea4281258b2120", size = 154268, upload-time = "2026-01-04T02:42:41.825Z" }
wheels = [
    { url = "https://files.pythonhosted.org/packages/e6/ad/3cc14f097111b4de0040c83a525973216457bbeeb63739ef1ed275c1c021/certifi-2026.1.4-py3-none-any.whl", hash = "sha256:9943707519e4add1115f44c2bc244f782c0249876bf51b6599fee1ffbedd685c", size = 152900, upload-time = "2026-01-04T02:42:40.15Z" },
]

[[package]]
name = "choicelib"
version = "0.1.5"
source = { registry = "https://pypi.org/simple" }
dependencies = [
    { name = "typing-extensions" },
]
sdist = { url = "https://files.pythonhosted.org/packages/20/e0/3b0dd0c2dc1817c6a2c45da0928df54f8880a67cfb58aafd1f63c7a63bcc/choicelib-0.1.5.tar.gz", hash = "sha256:450035a260e5621af793ea858be1f7b04e38bb50c7c40f9ef480da3c571314c7", size = 2276, upload-time = "2022-01-29T15:16:56.496Z" }
wheels = [
    { url = "https://files.pythonhosted.org/packages/06/14/22c684d1f356449b103b5351875eaf1e52d983867a5b268766c5415e6a67/choicelib-0.1.5-py3-none-any.whl", hash = "sha256:6170daad66ef9ef7f72c75fbb527e8980720c63b84f8b7b379380095e6bec8ca", size = 2908, upload-time = "2022-01-29T15:16:55.019Z" },
]

[[package]]
name = "click"
version = "8.3.1"
source = { registry = "https://pypi.org/simple" }
dependencies = [
    { name = "colorama", marker = "sys_platform == 'win32'" },
]
sdist = { url = "https://files.pythonhosted.org/packages/3d/fa/656b739db8587d7b5dfa22e22ed02566950fbfbcdc20311993483657a5c0/click-8.3.1.tar.gz", hash = "sha256:12ff4785d337a1bb490bb7e9c2b1ee5da3112e94a8622f26a6c77f5d2fc6842a", size = 295065, upload-time = "2025-11-15T20:45:42.706Z" }
wheels = [
    { url = "https://files.pythonhosted.org/packages/98/78/01c019cdb5d6498122777c1a43056ebb3ebfeef2076d9d026bfe15583b2b/click-8.3.1-py3-none-any.whl", hash = "sha256:981153a64e25f12d547d3426c367a4857371575ee7ad18df2a6183ab0545b2a6", size = 108274, upload-time = "2025-11-15T20:45:41.139Z" },
]

[[package]]
name = "colorama"
version = "0.4.6"
source = { registry = "https://pypi.org/simple" }
sdist = { url = "https://files.pythonhosted.org/packages/d8/53/6f443c9a4a8358a93a6792e2acffb9d9d5cb0a5cfd8802644b7b1c9a02e4/colorama-0.4.6.tar.gz", hash = "sha256:08695f5cb7ed6e0531a20572697297273c47b8cae5a63ffc6d6ed5c201be6e44", size = 27697, upload-time = "2022-10-25T02:36:22.414Z" }
wheels = [
    { url = "https://files.pythonhosted.org/packages/d1/d6/3965ed04c63042e047cb6a3e6ed1a63a35087b6a609aa3a15ed8ac56c221/colorama-0.4.6-py2.py3-none-any.whl", hash = "sha256:4f1d9991f5acc0ca119f9d443620b77f9d6b33703e51011c16baf57afb285fc6", size = 25335, upload-time = "2022-10-25T02:36:20.889Z" },
]

[[package]]
name = "env-better"
version = "1.0.0"
source = { registry = "https://pypi.org/simple" }
sdist = { url = "https://files.pythonhosted.org/packages/8f/75/3f4124f0011b10e45a8d5071f9a74625f0ff21cbc50615c8c81dd16c060d/env_better-1.0.0.tar.gz", hash = "sha256:e48f57aa66cabaeff4474c3174f8d72852985e6b698dbd13493d994d56b27de2", size = 9231, upload-time = "2026-01-22T15:25:31.023Z" }
wheels = [
    { url = "https://files.pythonhosted.org/packages/5d/bc/a4512879a55891d2af1b01b4aa81e233e7642ac4b86ab74ca347182cc911/env_better-1.0.0-py3-none-any.whl", hash = "sha256:05e9a25f1c1a9645607e68e15047e8e183999ea71533cd1aa0bdb7614cfd2d1c", size = 10834, upload-time = "2026-01-22T15:25:29.577Z" },
]

[[package]]
name = "fluent-runtime"
version = "0.4.0"
source = { registry = "https://pypi.org/simple" }
dependencies = [
    { name = "attrs" },
    { name = "babel" },
    { name = "fluent-syntax" },
    { name = "pytz" },
    { name = "typing-extensions" },
]
sdist = { url = "https://files.pythonhosted.org/packages/dc/54/94bbd857443565a5776027165fe1e2634d836681d7d9c8992a2fd0ce8302/fluent.runtime-0.4.0.tar.gz", hash = "sha256:cb5ef96a58a3f67acaaca046d1201d202a1ebf2823e5e664370f359bae20574d", size = 17591, upload-time = "2023-03-16T11:10:35.165Z" }
wheels = [
    { url = "https://files.pythonhosted.org/packages/e5/89/a19b0bdfc74977b44aca2ad2e0600fd89c778184fcbb7fc44ba1002cc7b5/fluent.runtime-0.4.0-py2.py3-none-any.whl", hash = "sha256:51fd02582c2363e1106d7051642967a1b7f406dd9c317bd4600a73ede40c5146", size = 15627, upload-time = "2023-03-16T11:10:33.43Z" },
]

[[package]]
name = "fluent-syntax"
version = "0.19.0"
source = { registry = "https://pypi.org/simple" }
dependencies = [
    { name = "typing-extensions" },
]
sdist = { url = "https://files.pythonhosted.org/packages/51/52/de75f2faf499ed5a089acff2ab8bda5fc3b8db8a3f1615428ef9ccbf1917/fluent.syntax-0.19.0.tar.gz", hash = "sha256:920326d7f46864b9758f0044e9968e3112198bc826acee16ddd8f11d359004fd", size = 15039, upload-time = "2023-03-16T11:03:24.023Z" }
wheels = [
    { url = "https://files.pythonhosted.org/packages/54/28/475734afb670bf7932caa1828183a4687cac51111950b9fb633c4f976afc/fluent.syntax-0.19.0-py2.py3-none-any.whl", hash = "sha256:b352b3475fac6c6ed5f06527921f432aac073d764445508ee5218aeccc7cc5c4", size = 16432, upload-time = "2023-03-16T11:03:21.934Z" },
]

[[package]]
name = "kungfu-fp"
version = "1.0.0"
source = { registry = "https://pypi.org/simple" }
dependencies = [
    { name = "typing-extensions" },
]
sdist = { url = "https://files.pythonhosted.org/packages/d7/4d/eabe910c80edb9972393f9b623b30c0cc433f454905b4ac60f5223f7b628/kungfu_fp-1.0.0.tar.gz", hash = "sha256:b3e4bbaf096f3ee532e800b6c548c80ea53c321f1205725880fc41750a9c0c49", size = 36132, upload-time = "2026-01-22T14:18:06.379Z" }
wheels = [
    { url = "https://files.pythonhosted.org/packages/3d/60/48d1f811515a4ce3f5430b48a4382f13a6f3f7ff648dd090235b69c77f65/kungfu_fp-1.0.0-py3-none-any.whl", hash = "sha256:fd61cc0a7bbac979bf914322e384148cb43db9c3645635631c0aad5adc6b925d", size = 18455, upload-time = "2026-01-22T14:18:04.571Z" },
]

[[package]]
name = "markdown-it-py"
version = "4.0.0"
source = { registry = "https://pypi.org/simple" }
dependencies = [
    { name = "mdurl" },
]
sdist = { url = "https://files.pythonhosted.org/packages/5b/f5/4ec618ed16cc4f8fb3b701563655a69816155e79e24a17b651541804721d/markdown_it_py-4.0.0.tar.gz", hash = "sha256:cb0a2b4aa34f932c007117b194e945bd74e0ec24133ceb5bac59009cda1cb9f3", size = 73070, upload-time = "2025-08-11T12:57:52.854Z" }
wheels = [
    { url = "https://files.pythonhosted.org/packages/94/54/e7d793b573f298e1c9013b8c4dade17d481164aa517d1d7148619c2cedbf/markdown_it_py-4.0.0-py3-none-any.whl", hash = "sha256:87327c59b172c5011896038353a81343b6754500a08cd7a4973bb48c6d578147", size = 87321, upload-time = "2025-08-11T12:57:51.923Z" },
]

[[package]]
name = "mdurl"
version = "0.1.2"
source = { registry = "https://pypi.org/simple" }
sdist = { url = "https://files.pythonhosted.org/packages/d6/54/cfe61301667036ec958cb99bd3efefba235e65cdeb9c84d24a8293ba1d90/mdurl-0.1.2.tar.gz", hash = "sha256:bb413d29f5eea38f31dd4754dd7377d4465116fb207585f97bf925588687c1ba", size = 8729, upload-time = "2022-08-14T12:40:10.846Z" }
wheels = [
    { url = "https://files.pythonhosted.org/packages/b3/38/89ba8ad64ae25be8de66a6d463314cf1eb366222074cfda9ee839c56a4b4/mdurl-0.1.2-py3-none-any.whl", hash = "sha256:84008a41e51615a49fc9966191ff91509e3c40b939176e643fd50a5c2196b8f8", size = 9979, upload-time = "2022-08-14T12:40:09.779Z" },
]

[[package]]
name = "msgspec"
version = "0.20.0"
source = { registry = "https://pypi.org/simple" }
sdist = { url = "https://files.pythonhosted.org/packages/ea/9c/bfbd12955a49180cbd234c5d29ec6f74fe641698f0cd9df154a854fc8a15/msgspec-0.20.0.tar.gz", hash = "sha256:692349e588fde322875f8d3025ac01689fead5901e7fb18d6870a44519d62a29", size = 317862, upload-time = "2025-11-24T03:56:28.934Z" }
wheels = [
    { url = "https://files.pythonhosted.org/packages/bb/18/62dc13ab0260c7d741dda8dc7f481495b93ac9168cd887dda5929880eef8/msgspec-0.20.0-cp314-cp314-macosx_10_15_x86_64.whl", hash = "sha256:eead16538db1b3f7ec6e3ed1f6f7c5dec67e90f76e76b610e1ffb5671815633a", size = 196407, upload-time = "2025-11-24T03:55:55.001Z" },
    { url = "https://files.pythonhosted.org/packages/dd/1d/b9949e4ad6953e9f9a142c7997b2f7390c81e03e93570c7c33caf65d27e1/msgspec-0.20.0-cp314-cp314-macosx_11_0_arm64.whl", hash = "sha256:703c3bb47bf47801627fb1438f106adbfa2998fe586696d1324586a375fca238", size = 188889, upload-time = "2025-11-24T03:55:56.311Z" },
    { url = "https://files.pythonhosted.org/packages/1e/19/f8bb2dc0f1bfe46cc7d2b6b61c5e9b5a46c62298e8f4d03bbe499c926180/msgspec-0.20.0-cp314-cp314-manylinux2014_aarch64.manylinux_2_17_aarch64.manylinux_2_28_aarch64.whl", hash = "sha256:6cdb227dc585fb109305cee0fd304c2896f02af93ecf50a9c84ee54ee67dbb42", size = 219691, upload-time = "2025-11-24T03:55:57.908Z" },
    { url = "https://files.pythonhosted.org/packages/b8/8e/6b17e43f6eb9369d9858ee32c97959fcd515628a1df376af96c11606cf70/msgspec-0.20.0-cp314-cp314-manylinux2014_x86_64.manylinux_2_17_x86_64.manylinux_2_28_x86_64.whl", hash = "sha256:27d35044dd8818ac1bd0fedb2feb4fbdff4e3508dd7c5d14316a12a2d96a0de0", size = 224918, upload-time = "2025-11-24T03:55:59.322Z" },
    { url = "https://files.pythonhosted.org/packages/1c/db/0e833a177db1a4484797adba7f429d4242585980b90882cc38709e1b62df/msgspec-0.20.0-cp314-cp314-musllinux_1_2_aarch64.whl", hash = "sha256:b4296393a29ee42dd25947981c65506fd4ad39beaf816f614146fa0c5a6c91ae", size = 223436, upload-time = "2025-11-24T03:56:00.716Z" },
    { url = "https://files.pythonhosted.org/packages/c3/30/d2ee787f4c918fd2b123441d49a7707ae9015e0e8e1ab51aa7967a97b90e/msgspec-0.20.0-cp314-cp314-musllinux_1_2_x86_64.whl", hash = "sha256:205fbdadd0d8d861d71c8f3399fe1a82a2caf4467bc8ff9a626df34c12176980", size = 227190, upload-time = "2025-11-24T03:56:02.371Z" },
    { url = "https://files.pythonhosted.org/packages/ff/37/9c4b58ff11d890d788e700b827db2366f4d11b3313bf136780da7017278b/msgspec-0.20.0-cp314-cp314-win_amd64.whl", hash = "sha256:7dfebc94fe7d3feec6bc6c9df4f7e9eccc1160bb5b811fbf3e3a56899e398a6b", size = 193950, upload-time = "2025-11-24T03:56:03.668Z" },
    { url = "https://files.pythonhosted.org/packages/e9/4e/cab707bf2fa57408e2934e5197fc3560079db34a1e3cd2675ff2e47e07de/msgspec-0.20.0-cp314-cp314-win_arm64.whl", hash = "sha256:2ad6ae36e4a602b24b4bf4eaf8ab5a441fec03e1f1b5931beca8ebda68f53fc0", size = 179018, upload-time = "2025-11-24T03:56:05.038Z" },
    { url = "https://files.pythonhosted.org/packages/4c/06/3da3fc9aaa55618a8f43eb9052453cfe01f82930bca3af8cea63a89f3a11/msgspec-0.20.0-cp314-cp314t-macosx_10_15_x86_64.whl", hash = "sha256:f84703e0e6ef025663dd1de828ca028774797b8155e070e795c548f76dde65d5", size = 200389, upload-time = "2025-11-24T03:56:06.375Z" },
    { url = "https://files.pythonhosted.org/packages/83/3b/cc4270a5ceab40dfe1d1745856951b0a24fd16ac8539a66ed3004a60c91e/msgspec-0.20.0-cp314-cp314t-macosx_11_0_arm64.whl", hash = "sha256:7c83fc24dd09cf1275934ff300e3951b3adc5573f0657a643515cc16c7dee131", size = 193198, upload-time = "2025-11-24T03:56:07.742Z" },
    { url = "https://files.pythonhosted.org/packages/cd/ae/4c7905ac53830c8e3c06fdd60e3cdcfedc0bbc993872d1549b84ea21a1bd/msgspec-0.20.0-cp314-cp314t-manylinux2014_aarch64.manylinux_2_17_aarch64.manylinux_2_28_aarch64.whl", hash = "sha256:5f13ccb1c335a124e80c4562573b9b90f01ea9521a1a87f7576c2e281d547f56", size = 225973, upload-time = "2025-11-24T03:56:09.18Z" },
    { url = "https://files.pythonhosted.org/packages/d9/da/032abac1de4d0678d99eaeadb1323bd9d247f4711c012404ba77ed6f15ca/msgspec-0.20.0-cp314-cp314t-manylinux2014_x86_64.manylinux_2_17_x86_64.manylinux_2_28_x86_64.whl", hash = "sha256:17c2b5ca19f19306fc83c96d85e606d2cc107e0caeea85066b5389f664e04846", size = 229509, upload-time = "2025-11-24T03:56:10.898Z" },
    { url = "https://files.pythonhosted.org/packages/69/52/fdc7bdb7057a166f309e0b44929e584319e625aaba4771b60912a9321ccd/msgspec-0.20.0-cp314-cp314t-musllinux_1_2_aarch64.whl", hash = "sha256:d931709355edabf66c2dd1a756b2d658593e79882bc81aae5964969d5a291b63", size = 230434, upload-time = "2025-11-24T03:56:12.48Z" },
    { url = "https://files.pythonhosted.org/packages/cb/fe/1dfd5f512b26b53043884e4f34710c73e294e7cc54278c3fe28380e42c37/msgspec-0.20.0-cp314-cp314t-musllinux_1_2_x86_64.whl", hash = "sha256:565f915d2e540e8a0c93a01ff67f50aebe1f7e22798c6a25873f9fda8d1325f8", size = 231758, upload-time = "2025-11-24T03:56:13.765Z" },
    { url = "https://files.pythonhosted.org/packages/97/f6/9ba7121b8e0c4e0beee49575d1dbc804e2e72467692f0428cf39ceba1ea5/msgspec-0.20.0-cp314-cp314t-win_amd64.whl", hash = "sha256:726f3e6c3c323f283f6021ebb6c8ccf58d7cd7baa67b93d73bfbe9a15c34ab8d", size = 206540, upload-time = "2025-11-24T03:56:15.029Z" },
    { url = "https://files.pythonhosted.org/packages/c8/3e/c5187de84bb2c2ca334ab163fcacf19a23ebb1d876c837f81a1b324a15bf/msgspec-0.20.0-cp314-cp314t-win_arm64.whl", hash = "sha256:93f23528edc51d9f686808a361728e903d6f2be55c901d6f5c92e44c6d546bfc", size = 183011, upload-time = "2025-11-24T03:56:16.442Z" },
]

[[package]]
name = "nodnod"
version = "1.0.1"
source = { registry = "https://pypi.org/simple" }
dependencies = [
    { name = "kungfu-fp" },
    { name = "typing-extensions" },
]
sdist = { url = "https://files.pythonhosted.org/packages/98/b9/7e6cb9da334d7a4ca04e5ae2a9b270e68a75ee7c465c25dd19f5c8e2db5f/nodnod-1.0.1.tar.gz", hash = "sha256:f71a853fd89cd0046c39c03c03fe566118c722ca8d5807171633638f96b2d260", size = 51627, upload-time = "2026-02-15T13:29:26.902Z" }
wheels = [
    { url = "https://files.pythonhosted.org/packages/0a/3b/a2ad149e157dfd4050a4c11354bcebb00f37211b01af60b0f3794978e587/nodnod-1.0.1-py3-none-any.whl", hash = "sha256:65207bf3bb3b32cc5ec86dbcfbe507b93904889b68819a2175ffb34ad911754d", size = 34449, upload-time = "2026-02-15T13:29:03.793Z" },
]

[[package]]
name = "pygments"
version = "2.19.2"
source = { registry = "https://pypi.org/simple" }
sdist = { url = "https://files.pythonhosted.org/packages/b0/77/a5b8c569bf593b0140bde72ea885a803b82086995367bf2037de0159d924/pygments-2.19.2.tar.gz", hash = "sha256:636cb2477cec7f8952536970bc533bc43743542f70392ae026374600add5b887", size = 4968631, upload-time = "2025-06-21T13:39:12.283Z" }
wheels = [
    { url = "https://files.pythonhosted.org/packages/c7/21/705964c7812476f378728bdf590ca4b771ec72385c533964653c68e86bdc/pygments-2.19.2-py3-none-any.whl", hash = "sha256:86540386c03d588bb81d44bc3928634ff26449851e99741617ecb9037ee5ec0b", size = 1225217, upload-time = "2025-06-21T13:39:07.939Z" },
]

[[package]]
name = "pytz"
version = "2025.2"
source = { registry = "https://pypi.org/simple" }
sdist = { url = "https://files.pythonhosted.org/packages/f8/bf/abbd3cdfb8fbc7fb3d4d38d320f2441b1e7cbe29be4f23797b4a2b5d8aac/pytz-2025.2.tar.gz", hash = "sha256:360b9e3dbb49a209c21ad61809c7fb453643e048b38924c765813546746e81c3", size = 320884, upload-time = "2025-03-25T02:25:00.538Z" }
wheels = [
    { url = "https://files.pythonhosted.org/packages/81/c4/34e93fe5f5429d7570ec1fa436f1986fb1f00c3e0f43a589fe2bbcd22c3f/pytz-2025.2-py2.py3-none-any.whl", hash = "sha256:5ddf76296dd8c44c26eb8f4b6f35488f3ccbf6fbbd7adee0b7262d43f0ec2f00", size = 509225, upload-time = "2025-03-25T02:24:58.468Z" },
]

[[package]]
name = "rich"
version = "14.3.3"
source = { registry = "https://pypi.org/simple" }
dependencies = [
    { name = "markdown-it-py" },
    { name = "pygments" },
]
sdist = { url = "https://files.pythonhosted.org/packages/b3/c6/f3b320c27991c46f43ee9d856302c70dc2d0fb2dba4842ff739d5f46b393/rich-14.3.3.tar.gz", hash = "sha256:b8daa0b9e4eef54dd8cf7c86c03713f53241884e814f4e2f5fb342fe520f639b", size = 230582, upload-time = "2026-02-19T17:23:12.474Z" }
wheels = [
    { url = "https://files.pythonhosted.org/packages/14/25/b208c5683343959b670dc001595f2f3737e051da617f66c31f7c4fa93abc/rich-14.3.3-py3-none-any.whl", hash = "sha256:793431c1f8619afa7d3b52b2cdec859562b950ea0d4b6b505397612db8d5362d", size = 310458, upload-time = "2026-02-19T17:23:13.732Z" },
]

[[package]]
name = "rnet"
version = "3.0.0rc21"
source = { registry = "https://pypi.org/simple" }
sdist = { url = "https://files.pythonhosted.org/packages/a2/42/a28298c4d5c1b42ddb1707ae2edee2e75e11dc7f8edeb82eaf378c8dbe01/rnet-3.0.0rc21.tar.gz", hash = "sha256:f51917a1afa0a32617a76c90063223680e7ec5f0af3fd1dbaa2bf01254b1b292", size = 96035, upload-time = "2026-02-18T16:05:52.3Z" }
wheels = [
    { url = "https://files.pythonhosted.org/packages/46/e2/e6ed27c0afbf06f86318984a17c3ed017abd0c4ed8a9b6145a1f79d6d041/rnet-3.0.0rc21-cp311-abi3-macosx_10_12_x86_64.whl", hash = "sha256:0542654101f9e5efb5b1744e718ef410e13d1dbe5b5d38df00e5964f2ff5342a", size = 3984472, upload-time = "2026-02-18T16:05:32.818Z" },
    { url = "https://files.pythonhosted.org/packages/19/cb/4769dbfd39664f8d4a54799e9626645c31f02c48182845bbc6e7afdc1c86/rnet-3.0.0rc21-cp311-abi3-macosx_11_0_arm64.whl", hash = "sha256:839106bf545d6bcd7fa01612526768580d4be79a2b3478ff215a345b7516fbe9", size = 3747529, upload-time = "2026-02-18T16:05:27.093Z" },
    { url = "https://files.pythonhosted.org/packages/25/65/fc3821e973e0e9e744fc8b9eed0769f288328a48642c7beaf2c894e9c965/rnet-3.0.0rc21-cp311-abi3-manylinux_2_17_x86_64.manylinux2014_x86_64.whl", hash = "sha256:2afa33a7ff23a0fb1a22c76a0953caf3e54fe01ca2b2397683c1a3244ba2e100", size = 4102091, upload-time = "2026-02-18T16:05:22.305Z" },
    { url = "https://files.pythonhosted.org/packages/41/44/b9969c26554401cb574b566b19525f8d1c936d1b053670a037f693469d71/rnet-3.0.0rc21-cp311-abi3-manylinux_2_34_aarch64.whl", hash = "sha256:a895066ec8c902f15d091656f6fc6f028b54dfe9c8d8d3774fe5b869bef43779", size = 4159958, upload-time = "2026-02-18T16:05:08.944Z" },
    { url = "https://files.pythonhosted.org/packages/b2/f9/7fb034739473d9ed8f1c6f5930541264e3c5a5250996779e3840de03ea17/rnet-3.0.0rc21-cp311-abi3-manylinux_2_34_armv7l.whl", hash = "sha256:07f862e31cb30ae8fbda3ffe7eee344fe99aafe0eaec4311b184b41c7c479e9e", size = 3846332, upload-time = "2026-02-18T16:05:13.942Z" },
    { url = "https://files.pythonhosted.org/packages/ee/69/962bc17eefcc23707941840bb456e186aa433774b5e885c03a9162eb015b/rnet-3.0.0rc21-cp311-abi3-manylinux_2_34_i686.whl", hash = "sha256:eb7c713093c5109795750c3cea2813be9176622e092e3985a91e24dca01d3c2b", size = 4255381, upload-time = "2026-02-18T16:05:17.884Z" },
    { url = "https://files.pythonhosted.org/packages/3d/35/f0a805f3cb573ceb1fef95d9ea6b94f3dd63344da7093d1a231604c91ea3/rnet-3.0.0rc21-cp311-abi3-musllinux_1_2_aarch64.whl", hash = "sha256:9c30a424b6bc2bc393eb9b9a0693eb575b117b3d651b059eb8114c025bbb79a2", size = 3956579, upload-time = "2026-02-18T16:05:36.738Z" },
    { url = "https://files.pythonhosted.org/packages/9c/45/0b98032fef5ed816f0e1f8f38359d74a08e39c1087c403ea3dcf5797413b/rnet-3.0.0rc21-cp311-abi3-musllinux_1_2_armv7l.whl", hash = "sha256:afa956d2807261b8fceab5edede03f45b1e9b15ed94ea10cbc590b63e2998566", size = 3882778, upload-time = "2026-02-18T16:05:40.962Z" },
    { url = "https://files.pythonhosted.org/packages/9a/4f/c583dd4063e7b4e90a487af5105691a804daa65dd556e6aeb5fc48bdd684/rnet-3.0.0rc21-cp311-abi3-musllinux_1_2_i686.whl", hash = "sha256:ed735cb8beea7bc06357be8c1b24ec46f506e4aeccdd3ef1bc002a0113264022", size = 4002840, upload-time = "2026-02-18T16:05:46.464Z" },
    { url = "https://files.pythonhosted.org/packages/f9/56/7433b0ce3bff75bc72a45243928b776ee17b11c8b412d38995b1cf0936cd/rnet-3.0.0rc21-cp311-abi3-musllinux_1_2_x86_64.whl", hash = "sha256:8482002b348d9f33209a17ba633d2ab9bc0ad58d73edddd3ec14290cf75d8e29", size = 4159983, upload-time = "2026-02-18T16:05:50.995Z" },
    { url = "https://files.pythonhosted.org/packages/94/54/e9a0ea90dbc36983c1fc93b7cd6606686808f67f126f76bbfcea998e3e5d/rnet-3.0.0rc21-cp311-abi3-win32.whl", hash = "sha256:8a5bc2626241ad15cd05b59aaa65dbce90467390224a4351020739374c5ec88c", size = 3549392, upload-time = "2026-02-18T16:06:06.962Z" },
    { url = "https://files.pythonhosted.org/packages/eb/28/69a07867fccc3f8b2a86f43e15c615856827006bebfa4c1f915ab1d06741/rnet-3.0.0rc21-cp311-abi3-win_amd64.whl", hash = "sha256:daf142f5de5ebe33ff14d793efdac28a6a4d175ea34df89274fe29551221bb16", size = 3859951, upload-time = "2026-02-18T16:06:02.802Z" },
    { url = "https://files.pythonhosted.org/packages/21/f0/9b07a2630f9f316a4f39114aa4691e728c04d3aa747eae92e3cc5d9124f1/rnet-3.0.0rc21-cp311-abi3-win_arm64.whl", hash = "sha256:2a9acc6f5e07a37f2a9d1e71c4d23bc921640939b594cb8a4bf286d247faa0ac", size = 3540456, upload-time = "2026-02-18T16:05:57.175Z" },
    { url = "https://files.pythonhosted.org/packages/28/83/def26d800b1cf0673d3590f2a1158db41ab61e68ddcd1aa07593c24cdec0/rnet-3.0.0rc21-cp314-abi3-android_21_arm64_v8a.whl", hash = "sha256:999e31a00461c4c83e39fee9c680bc7e14627ba3b3e828093f889fb429c649b1", size = 3891347, upload-time = "2026-02-18T16:05:01.668Z" },
    { url = "https://files.pythonhosted.org/packages/1c/a5/4059f6461103e7367ffce29901737c1c6ddfb921b2175e71aa51dcc015de/rnet-3.0.0rc21-cp314-abi3-android_21_x86_64.whl", hash = "sha256:1c4869ecdf4638b10b8569de38a8a93c8dba8f3a3ad94b3d338db1c5a1b8ded8", size = 3995554, upload-time = "2026-02-18T16:05:04.45Z" },
    { url = "https://files.pythonhosted.org/packages/9a/5b/43ee1eef513bd664a5f0f54cdf965ddb58c1228c6e84d4e95e16cd0fc2b3/rnet-3.0.0rc21-cp314-cp314t-macosx_10_12_x86_64.whl", hash = "sha256:239a5ae0c60dfcb3a810e951abb8602d6c1b3b0dcf83368f5641d04473ca3ecf", size = 3972889, upload-time = "2026-02-18T16:05:31.476Z" },
    { url = "https://files.pythonhosted.org/packages/48/cb/c70bb5c025e1e82c65849d3354dbf6d3936f8800473c13847cbb76a47085/rnet-3.0.0rc21-cp314-cp314t-macosx_11_0_arm64.whl", hash = "sha256:9d09a8035c26164e473b7b2984bf46e4cf9c84cd08d8d853ef4d2f5192bd790d", size = 3740386, upload-time = "2026-02-18T16:05:24.936Z" },
    { url = "https://files.pythonhosted.org/packages/2e/f0/eafe92765b1f6e1c25adc81d94c429c099cb40e6898dd733348746ef90d9/rnet-3.0.0rc21-cp314-cp314t-manylinux_2_17_x86_64.manylinux2014_x86_64.whl", hash = "sha256:4394e5985e20f88ba13bb37bfc25b792df33d4c05fa9899b2037aa6962e42715", size = 4106729, upload-time = "2026-02-18T16:05:20.366Z" },
    { url = "https://files.pythonhosted.org/packages/19/fa/388173388e3cc087ed358ef615fe318d247edc97fb640136e9c21a99f849/rnet-3.0.0rc21-cp314-cp314t-manylinux_2_34_aarch64.whl", hash = "sha256:797460be41833798beb3a4bb269a6b462292a2af3d7f11acf6ea4772a7382e13", size = 4162031, upload-time = "2026-02-18T16:05:07.509Z" },
    { url = "https://files.pythonhosted.org/packages/b3/5d/c43aa44290a6184d34ad3617583f8b7298495888e48752c03172f857822a/rnet-3.0.0rc21-cp314-cp314t-manylinux_2_34_armv7l.whl", hash = "sha256:3fb04fd38195e44463e437e2b6a5da0fc1569af137b488d441b5c88572ce89a0", size = 3849353, upload-time = "2026-02-18T16:05:12.612Z" },
    { url = "https://files.pythonhosted.org/packages/0e/bb/27095b646f9a90039bf3f305ffff78fa3e5b409bb870530ee7f86689b45b/rnet-3.0.0rc21-cp314-cp314t-manylinux_2_34_i686.whl", hash = "sha256:ff951d01637c29857cf385d89bdf0b06e7a0ca4686c16227b6f2d9c085486a4f", size = 4257963, upload-time = "2026-02-18T16:05:16.648Z" },
    { url = "https://files.pythonhosted.org/packages/f2/e7/a43ed76414cbee20e4f4a02e461d686b6dfaec914f6139586b8d420bd551/rnet-3.0.0rc21-cp314-cp314t-musllinux_1_2_aarch64.whl", hash = "sha256:daac0c7b6256f3a0233ccf9f506375b78d7b1e593a7a6122d14f2b2cb4b0d354", size = 3955358, upload-time = "2026-02-18T16:05:35.584Z" },
    { url = "https://files.pythonhosted.org/packages/73/86/d92b85b0a053a8395c83281e531528a8c30ae4da78429a4d6d6ca4547162/rnet-3.0.0rc21-cp314-cp314t-musllinux_1_2_armv7l.whl", hash = "sha256:d7dcfca98773aeda812d260bf574271c85da73fe4c41d022f742e126095f786e", size = 3884044, upload-time = "2026-02-18T16:05:39.124Z" },
    { url = "https://files.pythonhosted.org/packages/a6/15/4d45748ac390a294da4eb694267db23ab7b321674b6678633fc0ddcb686d/rnet-3.0.0rc21-cp314-cp314t-musllinux_1_2_i686.whl", hash = "sha256:0c9b3ac3fd53e2de97886d82fa3250eb507363c92d4063a2616fe8d611d5e2e4", size = 4001411, upload-time = "2026-02-18T16:05:45.107Z" },
    { url = "https://files.pythonhosted.org/packages/96/5e/4fbe92fe7adb18987d737780496473bd520a3acb6fe248c600e6fb95e654/rnet-3.0.0rc21-cp314-cp314t-musllinux_1_2_x86_64.whl", hash = "sha256:1b099974101248db4cc5451dc6c3b6deb2669ee2e7875ac284869be9c9b18428", size = 4161736, upload-time = "2026-02-18T16:05:49.751Z" },
    { url = "https://files.pythonhosted.org/packages/a7/5e/e16c1c56a2c5f4ec7f405f9520ef5949efcc96d0929ddb2826e1ee3b13f0/rnet-3.0.0rc21-cp314-cp314t-win32.whl", hash = "sha256:e5570e194111abcd1f35b035cb932dc7725d95af9886cbe65ad0bfddf8105d14", size = 3543781, upload-time = "2026-02-18T16:06:05.656Z" },
    { url = "https://files.pythonhosted.org/packages/2c/20/857d29769127a61ee277e47fd2f4a2db5b9ea665ae7cc2b42a2a6ec8e095/rnet-3.0.0rc21-cp314-cp314t-win_amd64.whl", hash = "sha256:9f4ec5708473d563f901144879475d6acd0cbe4783e0ab40bdcd3ac3e0db23ec", size = 3859795, upload-time = "2026-02-18T16:06:01.504Z" },
    { url = "https://files.pythonhosted.org/packages/ae/94/b529573e3f712925fc2ac23188774e9eb5963420ef78ef8e831b1849aaf5/rnet-3.0.0rc21-cp314-cp314t-win_arm64.whl", hash = "sha256:2b5b852d7a5d3bd963e6b1c31a8535bfd2025e0a8e537c935fc8014624f30355", size = 3537108, upload-time = "2026-02-18T16:05:54.764Z" },
]

[[package]]
name = "ruff"
version = "0.15.2"
source = { registry = "https://pypi.org/simple" }
sdist = { url = "https://files.pythonhosted.org/packages/06/04/eab13a954e763b0606f460443fcbf6bb5a0faf06890ea3754ff16523dce5/ruff-0.15.2.tar.gz", hash = "sha256:14b965afee0969e68bb871eba625343b8673375f457af4abe98553e8bbb98342", size = 4558148, upload-time = "2026-02-19T22:32:20.271Z" }
wheels = [
    { url = "https://files.pythonhosted.org/packages/2f/70/3a4dc6d09b13cb3e695f28307e5d889b2e1a66b7af9c5e257e796695b0e6/ruff-0.15.2-py3-none-linux_armv6l.whl", hash = "sha256:120691a6fdae2f16d65435648160f5b81a9625288f75544dc40637436b5d3c0d", size = 10430565, upload-time = "2026-02-19T22:32:41.824Z" },
    { url = "https://files.pythonhosted.org/packages/71/0b/bb8457b56185ece1305c666dc895832946d24055be90692381c31d57466d/ruff-0.15.2-py3-none-macosx_10_12_x86_64.whl", hash = "sha256:a89056d831256099658b6bba4037ac6dd06f49d194199215befe2bb10457ea5e", size = 10820354, upload-time = "2026-02-19T22:32:07.366Z" },
    { url = "https://files.pythonhosted.org/packages/2d/c1/e0532d7f9c9e0b14c46f61b14afd563298b8b83f337b6789ddd987e46121/ruff-0.15.2-py3-none-macosx_11_0_arm64.whl", hash = "sha256:e36dee3a64be0ebd23c86ffa3aa3fd3ac9a712ff295e192243f814a830b6bd87", size = 10170767, upload-time = "2026-02-19T22:32:13.188Z" },
    { url = "https://files.pythonhosted.org/packages/47/e8/da1aa341d3af017a21c7a62fb5ec31d4e7ad0a93ab80e3a508316efbcb23/ruff-0.15.2-py3-none-manylinux_2_17_aarch64.manylinux2014_aarch64.whl", hash = "sha256:a9fb47b6d9764677f8c0a193c0943ce9a05d6763523f132325af8a858eadc2b9", size = 10529591, upload-time = "2026-02-19T22:32:02.547Z" },
    { url = "https://files.pythonhosted.org/packages/93/74/184fbf38e9f3510231fbc5e437e808f0b48c42d1df9434b208821efcd8d6/ruff-0.15.2-py3-none-manylinux_2_17_armv7l.manylinux2014_armv7l.whl", hash = "sha256:f376990f9d0d6442ea9014b19621d8f2aaf2b8e39fdbfc79220b7f0c596c9b80", size = 10260771, upload-time = "2026-02-19T22:32:36.938Z" },
    { url = "https://files.pythonhosted.org/packages/05/ac/605c20b8e059a0bc4b42360414baa4892ff278cec1c91fff4be0dceedefd/ruff-0.15.2-py3-none-manylinux_2_17_i686.manylinux2014_i686.whl", hash = "sha256:2dcc987551952d73cbf5c88d9fdee815618d497e4df86cd4c4824cc59d5dd75f", size = 11045791, upload-time = "2026-02-19T22:32:31.642Z" },
    { url = "https://files.pythonhosted.org/packages/fd/52/db6e419908f45a894924d410ac77d64bdd98ff86901d833364251bd08e22/ruff-0.15.2-py3-none-manylinux_2_17_ppc64le.manylinux2014_ppc64le.whl", hash = "sha256:42a47fd785cbe8c01b9ff45031af875d101b040ad8f4de7bbb716487c74c9a77", size = 11879271, upload-time = "2026-02-19T22:32:29.305Z" },
    { url = "https://files.pythonhosted.org/packages/3e/d8/7992b18f2008bdc9231d0f10b16df7dda964dbf639e2b8b4c1b4e91b83af/ruff-0.15.2-py3-none-manylinux_2_17_s390x.manylinux2014_s390x.whl", hash = "sha256:cbe9f49354866e575b4c6943856989f966421870e85cd2ac94dccb0a9dcb2fea", size = 11303707, upload-time = "2026-02-19T22:32:22.492Z" },
    { url = "https://files.pythonhosted.org/packages/d7/02/849b46184bcfdd4b64cde61752cc9a146c54759ed036edd11857e9b8443b/ruff-0.15.2-py3-none-manylinux_2_17_x86_64.manylinux2014_x86_64.whl", hash = "sha256:b7a672c82b5f9887576087d97be5ce439f04bbaf548ee987b92d3a7dede41d3a", size = 11149151, upload-time = "2026-02-19T22:32:44.234Z" },
    { url = "https://files.pythonhosted.org/packages/70/04/f5284e388bab60d1d3b99614a5a9aeb03e0f333847e2429bebd2aaa1feec/ruff-0.15.2-py3-none-manylinux_2_31_riscv64.whl", hash = "sha256:72ecc64f46f7019e2bcc3cdc05d4a7da958b629a5ab7033195e11a438403d956", size = 11091132, upload-time = "2026-02-19T22:32:24.691Z" },
    { url = "https://files.pythonhosted.org/packages/fa/ae/88d844a21110e14d92cf73d57363fab59b727ebeabe78009b9ccb23500af/ruff-0.15.2-py3-none-musllinux_1_2_aarch64.whl", hash = "sha256:8dcf243b15b561c655c1ef2f2b0050e5d50db37fe90115507f6ff37d865dc8b4", size = 10504717, upload-time = "2026-02-19T22:32:26.75Z" },
    { url = "https://files.pythonhosted.org/packages/64/27/867076a6ada7f2b9c8292884ab44d08fd2ba71bd2b5364d4136f3cd537e1/ruff-0.15.2-py3-none-musllinux_1_2_armv7l.whl", hash = "sha256:dab6941c862c05739774677c6273166d2510d254dac0695c0e3f5efa1b5585de", size = 10263122, upload-time = "2026-02-19T22:32:10.036Z" },
    { url = "https://files.pythonhosted.org/packages/e7/ef/faf9321d550f8ebf0c6373696e70d1758e20ccdc3951ad7af00c0956be7c/ruff-0.15.2-py3-none-musllinux_1_2_i686.whl", hash = "sha256:1b9164f57fc36058e9a6806eb92af185b0697c9fe4c7c52caa431c6554521e5c", size = 10735295, upload-time = "2026-02-19T22:32:39.227Z" },
    { url = "https://files.pythonhosted.org/packages/2f/55/e8089fec62e050ba84d71b70e7834b97709ca9b7aba10c1a0b196e493f97/ruff-0.15.2-py3-none-musllinux_1_2_x86_64.whl", hash = "sha256:80d24fcae24d42659db7e335b9e1531697a7102c19185b8dc4a028b952865fd8", size = 11241641, upload-time = "2026-02-19T22:32:34.617Z" },
    { url = "https://files.pythonhosted.org/packages/23/01/1c30526460f4d23222d0fabd5888868262fd0e2b71a00570ca26483cd993/ruff-0.15.2-py3-none-win32.whl", hash = "sha256:fd5ff9e5f519a7e1bd99cbe8daa324010a74f5e2ebc97c6242c08f26f3714f6f", size = 10507885, upload-time = "2026-02-19T22:32:15.635Z" },
    { url = "https://files.pythonhosted.org/packages/5c/10/3d18e3bbdf8fc50bbb4ac3cc45970aa5a9753c5cb51bf9ed9a3cd8b79fa3/ruff-0.15.2-py3-none-win_amd64.whl", hash = "sha256:d20014e3dfa400f3ff84830dfb5755ece2de45ab62ecea4af6b7262d0fb4f7c5", size = 11623725, upload-time = "2026-02-19T22:32:04.947Z" },
    { url = "https://files.pythonhosted.org/packages/6d/78/097c0798b1dab9f8affe73da9642bb4500e098cb27fd8dc9724816ac747b/ruff-0.15.2-py3-none-win_arm64.whl", hash = "sha256:cabddc5822acdc8f7b5527b36ceac55cc51eec7b1946e60181de8fe83ca8876e", size = 10941649, upload-time = "2026-02-19T22:32:18.108Z" },
]

[[package]]
name = "shellingham"
version = "1.5.4"
source = { registry = "https://pypi.org/simple" }
sdist = { url = "https://files.pythonhosted.org/packages/58/15/8b3609fd3830ef7b27b655beb4b4e9c62313a4e8da8c676e142cc210d58e/shellingham-1.5.4.tar.gz", hash = "sha256:8dbca0739d487e5bd35ab3ca4b36e11c4078f3a234bfce294b0a0291363404de", size = 10310, upload-time = "2023-10-24T04:13:40.426Z" }
wheels = [
    { url = "https://files.pythonhosted.org/packages/e0/f9/0595336914c5619e5f28a1fb793285925a8cd4b432c9da0a987836c7f822/shellingham-1.5.4-py2.py3-none-any.whl", hash = "sha256:7ecfff8f2fd72616f7481040475a65b2bf8af90a56c89140852d1120324e8686", size = 9755, upload-time = "2023-10-24T04:13:38.866Z" },
]

[[package]]
name = "telefluent"
version = "1.1.0"
source = { editable = "." }
dependencies = [
    { name = "fluent-runtime" },
]

[package.optional-dependencies]
cli = [
    { name = "typer" },
]

[package.dev-dependencies]
dev = [
    { name = "ruff" },
    { name = "telegrinder" },
]

[package.metadata]
requires-dist = [
    { name = "fluent-runtime", specifier = ">=0.4.0" },
    { name = "typer", marker = "extra == 'cli'", specifier = ">=0.24.1" },
]
provides-extras = ["cli"]

[package.metadata.requires-dev]
dev = [
    { name = "ruff", specifier = ">=0.14.7" },
    { name = "telegrinder", git = "https://github.com/timoniq/telegrinder" },
]

[[package]]
name = "telegrinder"
version = "1.0.0rc2"
source = { git = "https://github.com/timoniq/telegrinder#dd71a0549c905c2b05ed36117bd770928e065fa2" }
dependencies = [
    { name = "certifi" },
    { name = "choicelib" },
    { name = "env-better" },
    { name = "kungfu-fp" },
    { name = "msgspec" },
    { name = "nodnod" },
    { name = "rnet" },
    { name = "vbml2" },
]

[[package]]
name = "typer"
version = "0.24.1"
source = { registry = "https://pypi.org/simple" }
dependencies = [
    { name = "annotated-doc" },
    { name = "click" },
    { name = "rich" },
    { name = "shellingham" },
]
sdist = { url = "https://files.pythonhosted.org/packages/f5/24/cb09efec5cc954f7f9b930bf8279447d24618bb6758d4f6adf2574c41780/typer-0.24.1.tar.gz", hash = "sha256:e39b4732d65fbdcde189ae76cf7cd48aeae72919dea1fdfc16593be016256b45", size = 118613, upload-time = "2026-02-21T16:54:40.609Z" }
wheels = [
    { url = "https://files.pythonhosted.org/packages/4a/91/48db081e7a63bb37284f9fbcefda7c44c277b18b0e13fbc36ea2335b71e6/typer-0.24.1-py3-none-any.whl", hash = "sha256:112c1f0ce578bfb4cab9ffdabc68f031416ebcc216536611ba21f04e9aa84c9e", size = 56085, upload-time = "2026-02-21T16:54:41.616Z" },
]

[[package]]
name = "typing-extensions"
version = "4.15.0"
source = { registry = "https://pypi.org/simple" }
sdist = { url = "https://files.pythonhosted.org/packages/72/94/1a15dd82efb362ac84269196e94cf00f187f7ed21c242792a923cdb1c61f/typing_extensions-4.15.0.tar.gz", hash = "sha256:0cea48d173cc12fa28ecabc3b837ea3cf6f38c6d1136f85cbaaf598984861466", size = 109391, upload-time = "2025-08-25T13:49:26.313Z" }
wheels = [
    { url = "https://files.pythonhosted.org/packages/18/67/36e9267722cc04a6b9f15c7f3441c2363321a3ea07da7ae0c0707beb2a9c/typing_extensions-4.15.0-py3-none-any.whl", hash = "sha256:f0fa19c6845758ab08074a0cfa8b7aecb71c999ca73d62883bc25cc018c4e548", size = 44614, upload-time = "2025-08-25T13:49:24.86Z" },
]

[[package]]
name = "vbml2"
version = "2.0.0"
source = { registry = "https://pypi.org/simple" }
dependencies = [
    { name = "kungfu-fp" },
]
sdist = { url = "https://files.pythonhosted.org/packages/ae/2f/0fc78450380fc55171dce968f22100c4063a825065ac5f8c18de82b97acc/vbml2-2.0.0.tar.gz", hash = "sha256:3ca757e7e611af4d134171a1b641a72c38468147ca1155e395ac5bd25ee2fbd8", size = 2279989, upload-time = "2026-01-22T15:05:48.195Z" }
wheels = [
    { url = "https://files.pythonhosted.org/packages/75/e3/bd164873b4232c14f72dbb43a6ed5c59b457b3aad7d02cb93e16f818e6a9/vbml2-2.0.0-py3-none-any.whl", hash = "sha256:ff06ae5873e758e7cf20fa5dabc9d5a1468b8fb5924b888044ae27a9b90d9ef4", size = 17942, upload-time = "2026-01-22T15:05:45.329Z" },
]
