version = 1
revision = 3
requires-python = ">=3.14, <4.0"

[[package]]
name = "attrs"
version = "25.4.0"
source = { registry = "https://pypi.org/simple" }
sdist = { url = "https://files.pythonhosted.org/packages/6b/5c/685e6633917e101e5dcb62b9dd76946cbb57c26e133bae9e0cd36033c0a9/attrs-25.4.0.tar.gz", hash = "sha256:16d5969b87f0859ef33a48b35d55ac1be6e42ae49d5e853b597db70c35c57e11", size = 934251, upload-time = "2025-10-06T13:54:44.725Z" }
wheels = [
    { url = "https://files.pythonhosted.org/packages/3a/2a/7cc015f5b9f5db42b7d48157e23356022889fc354a2813c15934b7cb5c0e/attrs-25.4.0-py3-none-any.whl", hash = "sha256:adcf7e2a1fb3b36ac48d97835bb6d8ade15b8dcce26aba8bf1d14847b57a3373", size = 67615, upload-time = "2025-10-06T13:54:43.17Z" },
]

[[package]]
name = "babel"
version = "2.17.0"
source = { registry = "https://pypi.org/simple" }
sdist = { url = "https://files.pythonhosted.org/packages/7d/6b/d52e42361e1aa00709585ecc30b3f9684b3ab62530771402248b1b1d6240/babel-2.17.0.tar.gz", hash = "sha256:0c54cffb19f690cdcc52a3b50bcbf71e07a808d1c80d549f2459b9d2cf0afb9d", size = 9951852, upload-time = "2025-02-01T15:17:41.026Z" }
wheels = [
    { url = "https://files.pythonhosted.org/packages/b7/b8/3fe70c75fe32afc4bb507f75563d39bc5642255d1d94f1f23604725780bf/babel-2.17.0-py3-none-any.whl", hash = "sha256:4d0b53093fdfb4b21c92b5213dba5a1b23885afa8383709427046b21c366e5f2", size = 10182537, upload-time = "2025-02-01T15:17:37.39Z" },
]

[[package]]
name = "certifi"
version = "2025.11.12"
source = { registry = "https://pypi.org/simple" }
sdist = { url = "https://files.pythonhosted.org/packages/a2/8c/58f469717fa48465e4a50c014a0400602d3c437d7c0c468e17ada824da3a/certifi-2025.11.12.tar.gz", hash = "sha256:d8ab5478f2ecd78af242878415affce761ca6bc54a22a27e026d7c25357c3316", size = 160538, upload-time = "2025-11-12T02:54:51.517Z" }
wheels = [
    { url = "https://files.pythonhosted.org/packages/70/7d/9bc192684cea499815ff478dfcdc13835ddf401365057044fb721ec6bddb/certifi-2025.11.12-py3-none-any.whl", hash = "sha256:97de8790030bbd5c2d96b7ec782fc2f7820ef8dba6db909ccf95449f2d062d4b", size = 159438, upload-time = "2025-11-12T02:54:49.735Z" },
]

[[package]]
name = "choicelib"
version = "0.1.5"
source = { registry = "https://pypi.org/simple" }
dependencies = [
    { name = "typing-extensions" },
]
sdist = { url = "https://files.pythonhosted.org/packages/20/e0/3b0dd0c2dc1817c6a2c45da0928df54f8880a67cfb58aafd1f63c7a63bcc/choicelib-0.1.5.tar.gz", hash = "sha256:450035a260e5621af793ea858be1f7b04e38bb50c7c40f9ef480da3c571314c7", size = 2276, upload-time = "2022-01-29T15:16:56.496Z" }
wheels = [
    { url = "https://files.pythonhosted.org/packages/06/14/22c684d1f356449b103b5351875eaf1e52d983867a5b268766c5415e6a67/choicelib-0.1.5-py3-none-any.whl", hash = "sha256:6170daad66ef9ef7f72c75fbb527e8980720c63b84f8b7b379380095e6bec8ca", size = 2908, upload-time = "2022-01-29T15:16:55.019Z" },
]

[[package]]
name = "click"
version = "8.3.1"
source = { registry = "https://pypi.org/simple" }
dependencies = [
    { name = "colorama", marker = "sys_platform == 'win32'" },
]
sdist = { url = "https://files.pythonhosted.org/packages/3d/fa/656b739db8587d7b5dfa22e22ed02566950fbfbcdc20311993483657a5c0/click-8.3.1.tar.gz", hash = "sha256:12ff4785d337a1bb490bb7e9c2b1ee5da3112e94a8622f26a6c77f5d2fc6842a", size = 295065, upload-time = "2025-11-15T20:45:42.706Z" }
wheels = [
    { url = "https://files.pythonhosted.org/packages/98/78/01c019cdb5d6498122777c1a43056ebb3ebfeef2076d9d026bfe15583b2b/click-8.3.1-py3-none-any.whl", hash = "sha256:981153a64e25f12d547d3426c367a4857371575ee7ad18df2a6183ab0545b2a6", size = 108274, upload-time = "2025-11-15T20:45:41.139Z" },
]

[[package]]
name = "colorama"
version = "0.4.6"
source = { registry = "https://pypi.org/simple" }
sdist = { url = "https://files.pythonhosted.org/packages/d8/53/6f443c9a4a8358a93a6792e2acffb9d9d5cb0a5cfd8802644b7b1c9a02e4/colorama-0.4.6.tar.gz", hash = "sha256:08695f5cb7ed6e0531a20572697297273c47b8cae5a63ffc6d6ed5c201be6e44", size = 27697, upload-time = "2022-10-25T02:36:22.414Z" }
wheels = [
    { url = "https://files.pythonhosted.org/packages/d1/d6/3965ed04c63042e047cb6a3e6ed1a63a35087b6a609aa3a15ed8ac56c221/colorama-0.4.6-py2.py3-none-any.whl", hash = "sha256:4f1d9991f5acc0ca119f9d443620b77f9d6b33703e51011c16baf57afb285fc6", size = 25335, upload-time = "2022-10-25T02:36:20.889Z" },
]

[[package]]
name = "envparse"
version = "0.2.0"
source = { registry = "https://pypi.org/simple" }
sdist = { url = "https://files.pythonhosted.org/packages/2f/8d/bee8a59732c169a455627ff1557d0db180f7c352b0274480267ad3e46875/envparse-0.2.0.tar.gz", hash = "sha256:4f3b9a27bb55d27f124eb4adf006fec05e4588891c9a054a183a112645056eb7", size = 7576, upload-time = "2015-12-19T17:24:03.234Z" }

[[package]]
name = "fluent-runtime"
version = "0.4.0"
source = { registry = "https://pypi.org/simple" }
dependencies = [
    { name = "attrs" },
    { name = "babel" },
    { name = "fluent-syntax" },
    { name = "pytz" },
    { name = "typing-extensions" },
]
sdist = { url = "https://files.pythonhosted.org/packages/dc/54/94bbd857443565a5776027165fe1e2634d836681d7d9c8992a2fd0ce8302/fluent.runtime-0.4.0.tar.gz", hash = "sha256:cb5ef96a58a3f67acaaca046d1201d202a1ebf2823e5e664370f359bae20574d", size = 17591, upload-time = "2023-03-16T11:10:35.165Z" }
wheels = [
    { url = "https://files.pythonhosted.org/packages/e5/89/a19b0bdfc74977b44aca2ad2e0600fd89c778184fcbb7fc44ba1002cc7b5/fluent.runtime-0.4.0-py2.py3-none-any.whl", hash = "sha256:51fd02582c2363e1106d7051642967a1b7f406dd9c317bd4600a73ede40c5146", size = 15627, upload-time = "2023-03-16T11:10:33.43Z" },
]

[[package]]
name = "fluent-syntax"
version = "0.19.0"
source = { registry = "https://pypi.org/simple" }
dependencies = [
    { name = "typing-extensions" },
]
sdist = { url = "https://files.pythonhosted.org/packages/51/52/de75f2faf499ed5a089acff2ab8bda5fc3b8db8a3f1615428ef9ccbf1917/fluent.syntax-0.19.0.tar.gz", hash = "sha256:920326d7f46864b9758f0044e9968e3112198bc826acee16ddd8f11d359004fd", size = 15039, upload-time = "2023-03-16T11:03:24.023Z" }
wheels = [
    { url = "https://files.pythonhosted.org/packages/54/28/475734afb670bf7932caa1828183a4687cac51111950b9fb633c4f976afc/fluent.syntax-0.19.0-py2.py3-none-any.whl", hash = "sha256:b352b3475fac6c6ed5f06527921f432aac073d764445508ee5218aeccc7cc5c4", size = 16432, upload-time = "2023-03-16T11:03:21.934Z" },
]

[[package]]
name = "fluent-telegrinder"
version = "1.0.6"
source = { virtual = "." }
dependencies = [
    { name = "fluent-runtime" },
    { name = "typer" },
]

[package.optional-dependencies]
dev = [
    { name = "ruff" },
    { name = "telegrinder" },
]

[package.metadata]
requires-dist = [
    { name = "fluent-runtime", specifier = ">=0.4.0" },
    { name = "ruff", marker = "extra == 'dev'", specifier = ">=0.13.2" },
    { name = "telegrinder", marker = "extra == 'dev'", git = "https://github.com/timoniq/telegrinder.git?rev=dev" },
    { name = "typer", specifier = ">=0.20.0" },
]
provides-extras = ["dev"]

[[package]]
name = "kungfu"
version = "0.2.1"
source = { git = "https://github.com/timoniq/kungfu?rev=main#e43e02709c94979a9c4fcefea3f137ae043da7d5" }
dependencies = [
    { name = "typing-extensions" },
]

[[package]]
name = "markdown-it-py"
version = "4.0.0"
source = { registry = "https://pypi.org/simple" }
dependencies = [
    { name = "mdurl" },
]
sdist = { url = "https://files.pythonhosted.org/packages/5b/f5/4ec618ed16cc4f8fb3b701563655a69816155e79e24a17b651541804721d/markdown_it_py-4.0.0.tar.gz", hash = "sha256:cb0a2b4aa34f932c007117b194e945bd74e0ec24133ceb5bac59009cda1cb9f3", size = 73070, upload-time = "2025-08-11T12:57:52.854Z" }
wheels = [
    { url = "https://files.pythonhosted.org/packages/94/54/e7d793b573f298e1c9013b8c4dade17d481164aa517d1d7148619c2cedbf/markdown_it_py-4.0.0-py3-none-any.whl", hash = "sha256:87327c59b172c5011896038353a81343b6754500a08cd7a4973bb48c6d578147", size = 87321, upload-time = "2025-08-11T12:57:51.923Z" },
]

[[package]]
name = "mdurl"
version = "0.1.2"
source = { registry = "https://pypi.org/simple" }
sdist = { url = "https://files.pythonhosted.org/packages/d6/54/cfe61301667036ec958cb99bd3efefba235e65cdeb9c84d24a8293ba1d90/mdurl-0.1.2.tar.gz", hash = "sha256:bb413d29f5eea38f31dd4754dd7377d4465116fb207585f97bf925588687c1ba", size = 8729, upload-time = "2022-08-14T12:40:10.846Z" }
wheels = [
    { url = "https://files.pythonhosted.org/packages/b3/38/89ba8ad64ae25be8de66a6d463314cf1eb366222074cfda9ee839c56a4b4/mdurl-0.1.2-py3-none-any.whl", hash = "sha256:84008a41e51615a49fc9966191ff91509e3c40b939176e643fd50a5c2196b8f8", size = 9979, upload-time = "2022-08-14T12:40:09.779Z" },
]

[[package]]
name = "msgspec"
version = "0.20.0"
source = { registry = "https://pypi.org/simple" }
sdist = { url = "https://files.pythonhosted.org/packages/ea/9c/bfbd12955a49180cbd234c5d29ec6f74fe641698f0cd9df154a854fc8a15/msgspec-0.20.0.tar.gz", hash = "sha256:692349e588fde322875f8d3025ac01689fead5901e7fb18d6870a44519d62a29", size = 317862, upload-time = "2025-11-24T03:56:28.934Z" }
wheels = [
    { url = "https://files.pythonhosted.org/packages/bb/18/62dc13ab0260c7d741dda8dc7f481495b93ac9168cd887dda5929880eef8/msgspec-0.20.0-cp314-cp314-macosx_10_15_x86_64.whl", hash = "sha256:eead16538db1b3f7ec6e3ed1f6f7c5dec67e90f76e76b610e1ffb5671815633a", size = 196407, upload-time = "2025-11-24T03:55:55.001Z" },
    { url = "https://files.pythonhosted.org/packages/dd/1d/b9949e4ad6953e9f9a142c7997b2f7390c81e03e93570c7c33caf65d27e1/msgspec-0.20.0-cp314-cp314-macosx_11_0_arm64.whl", hash = "sha256:703c3bb47bf47801627fb1438f106adbfa2998fe586696d1324586a375fca238", size = 188889, upload-time = "2025-11-24T03:55:56.311Z" },
    { url = "https://files.pythonhosted.org/packages/1e/19/f8bb2dc0f1bfe46cc7d2b6b61c5e9b5a46c62298e8f4d03bbe499c926180/msgspec-0.20.0-cp314-cp314-manylinux2014_aarch64.manylinux_2_17_aarch64.manylinux_2_28_aarch64.whl", hash = "sha256:6cdb227dc585fb109305cee0fd304c2896f02af93ecf50a9c84ee54ee67dbb42", size = 219691, upload-time = "2025-11-24T03:55:57.908Z" },
    { url = "https://files.pythonhosted.org/packages/b8/8e/6b17e43f6eb9369d9858ee32c97959fcd515628a1df376af96c11606cf70/msgspec-0.20.0-cp314-cp314-manylinux2014_x86_64.manylinux_2_17_x86_64.manylinux_2_28_x86_64.whl", hash = "sha256:27d35044dd8818ac1bd0fedb2feb4fbdff4e3508dd7c5d14316a12a2d96a0de0", size = 224918, upload-time = "2025-11-24T03:55:59.322Z" },
    { url = "https://files.pythonhosted.org/packages/1c/db/0e833a177db1a4484797adba7f429d4242585980b90882cc38709e1b62df/msgspec-0.20.0-cp314-cp314-musllinux_1_2_aarch64.whl", hash = "sha256:b4296393a29ee42dd25947981c65506fd4ad39beaf816f614146fa0c5a6c91ae", size = 223436, upload-time = "2025-11-24T03:56:00.716Z" },
    { url = "https://files.pythonhosted.org/packages/c3/30/d2ee787f4c918fd2b123441d49a7707ae9015e0e8e1ab51aa7967a97b90e/msgspec-0.20.0-cp314-cp314-musllinux_1_2_x86_64.whl", hash = "sha256:205fbdadd0d8d861d71c8f3399fe1a82a2caf4467bc8ff9a626df34c12176980", size = 227190, upload-time = "2025-11-24T03:56:02.371Z" },
    { url = "https://files.pythonhosted.org/packages/ff/37/9c4b58ff11d890d788e700b827db2366f4d11b3313bf136780da7017278b/msgspec-0.20.0-cp314-cp314-win_amd64.whl", hash = "sha256:7dfebc94fe7d3feec6bc6c9df4f7e9eccc1160bb5b811fbf3e3a56899e398a6b", size = 193950, upload-time = "2025-11-24T03:56:03.668Z" },
    { url = "https://files.pythonhosted.org/packages/e9/4e/cab707bf2fa57408e2934e5197fc3560079db34a1e3cd2675ff2e47e07de/msgspec-0.20.0-cp314-cp314-win_arm64.whl", hash = "sha256:2ad6ae36e4a602b24b4bf4eaf8ab5a441fec03e1f1b5931beca8ebda68f53fc0", size = 179018, upload-time = "2025-11-24T03:56:05.038Z" },
    { url = "https://files.pythonhosted.org/packages/4c/06/3da3fc9aaa55618a8f43eb9052453cfe01f82930bca3af8cea63a89f3a11/msgspec-0.20.0-cp314-cp314t-macosx_10_15_x86_64.whl", hash = "sha256:f84703e0e6ef025663dd1de828ca028774797b8155e070e795c548f76dde65d5", size = 200389, upload-time = "2025-11-24T03:56:06.375Z" },
    { url = "https://files.pythonhosted.org/packages/83/3b/cc4270a5ceab40dfe1d1745856951b0a24fd16ac8539a66ed3004a60c91e/msgspec-0.20.0-cp314-cp314t-macosx_11_0_arm64.whl", hash = "sha256:7c83fc24dd09cf1275934ff300e3951b3adc5573f0657a643515cc16c7dee131", size = 193198, upload-time = "2025-11-24T03:56:07.742Z" },
    { url = "https://files.pythonhosted.org/packages/cd/ae/4c7905ac53830c8e3c06fdd60e3cdcfedc0bbc993872d1549b84ea21a1bd/msgspec-0.20.0-cp314-cp314t-manylinux2014_aarch64.manylinux_2_17_aarch64.manylinux_2_28_aarch64.whl", hash = "sha256:5f13ccb1c335a124e80c4562573b9b90f01ea9521a1a87f7576c2e281d547f56", size = 225973, upload-time = "2025-11-24T03:56:09.18Z" },
    { url = "https://files.pythonhosted.org/packages/d9/da/032abac1de4d0678d99eaeadb1323bd9d247f4711c012404ba77ed6f15ca/msgspec-0.20.0-cp314-cp314t-manylinux2014_x86_64.manylinux_2_17_x86_64.manylinux_2_28_x86_64.whl", hash = "sha256:17c2b5ca19f19306fc83c96d85e606d2cc107e0caeea85066b5389f664e04846", size = 229509, upload-time = "2025-11-24T03:56:10.898Z" },
    { url = "https://files.pythonhosted.org/packages/69/52/fdc7bdb7057a166f309e0b44929e584319e625aaba4771b60912a9321ccd/msgspec-0.20.0-cp314-cp314t-musllinux_1_2_aarch64.whl", hash = "sha256:d931709355edabf66c2dd1a756b2d658593e79882bc81aae5964969d5a291b63", size = 230434, upload-time = "2025-11-24T03:56:12.48Z" },
    { url = "https://files.pythonhosted.org/packages/cb/fe/1dfd5f512b26b53043884e4f34710c73e294e7cc54278c3fe28380e42c37/msgspec-0.20.0-cp314-cp314t-musllinux_1_2_x86_64.whl", hash = "sha256:565f915d2e540e8a0c93a01ff67f50aebe1f7e22798c6a25873f9fda8d1325f8", size = 231758, upload-time = "2025-11-24T03:56:13.765Z" },
    { url = "https://files.pythonhosted.org/packages/97/f6/9ba7121b8e0c4e0beee49575d1dbc804e2e72467692f0428cf39ceba1ea5/msgspec-0.20.0-cp314-cp314t-win_amd64.whl", hash = "sha256:726f3e6c3c323f283f6021ebb6c8ccf58d7cd7baa67b93d73bfbe9a15c34ab8d", size = 206540, upload-time = "2025-11-24T03:56:15.029Z" },
    { url = "https://files.pythonhosted.org/packages/c8/3e/c5187de84bb2c2ca334ab163fcacf19a23ebb1d876c837f81a1b324a15bf/msgspec-0.20.0-cp314-cp314t-win_arm64.whl", hash = "sha256:93f23528edc51d9f686808a361728e903d6f2be55c901d6f5c92e44c6d546bfc", size = 183011, upload-time = "2025-11-24T03:56:16.442Z" },
]

[[package]]
name = "nodnod"
version = "0.1.0"
source = { git = "https://github.com/luwqz1/nodnod?rev=dev#36c138a3d7955977fcac6144836ba0ac69f3994f" }
dependencies = [
    { name = "kungfu" },
]

[[package]]
name = "pygments"
version = "2.19.2"
source = { registry = "https://pypi.org/simple" }
sdist = { url = "https://files.pythonhosted.org/packages/b0/77/a5b8c569bf593b0140bde72ea885a803b82086995367bf2037de0159d924/pygments-2.19.2.tar.gz", hash = "sha256:636cb2477cec7f8952536970bc533bc43743542f70392ae026374600add5b887", size = 4968631, upload-time = "2025-06-21T13:39:12.283Z" }
wheels = [
    { url = "https://files.pythonhosted.org/packages/c7/21/705964c7812476f378728bdf590ca4b771ec72385c533964653c68e86bdc/pygments-2.19.2-py3-none-any.whl", hash = "sha256:86540386c03d588bb81d44bc3928634ff26449851e99741617ecb9037ee5ec0b", size = 1225217, upload-time = "2025-06-21T13:39:07.939Z" },
]

[[package]]
name = "pytz"
version = "2025.2"
source = { registry = "https://pypi.org/simple" }
sdist = { url = "https://files.pythonhosted.org/packages/f8/bf/abbd3cdfb8fbc7fb3d4d38d320f2441b1e7cbe29be4f23797b4a2b5d8aac/pytz-2025.2.tar.gz", hash = "sha256:360b9e3dbb49a209c21ad61809c7fb453643e048b38924c765813546746e81c3", size = 320884, upload-time = "2025-03-25T02:25:00.538Z" }
wheels = [
    { url = "https://files.pythonhosted.org/packages/81/c4/34e93fe5f5429d7570ec1fa436f1986fb1f00c3e0f43a589fe2bbcd22c3f/pytz-2025.2-py2.py3-none-any.whl", hash = "sha256:5ddf76296dd8c44c26eb8f4b6f35488f3ccbf6fbbd7adee0b7262d43f0ec2f00", size = 509225, upload-time = "2025-03-25T02:24:58.468Z" },
]

[[package]]
name = "rich"
version = "14.2.0"
source = { registry = "https://pypi.org/simple" }
dependencies = [
    { name = "markdown-it-py" },
    { name = "pygments" },
]
sdist = { url = "https://files.pythonhosted.org/packages/fb/d2/8920e102050a0de7bfabeb4c4614a49248cf8d5d7a8d01885fbb24dc767a/rich-14.2.0.tar.gz", hash = "sha256:73ff50c7c0c1c77c8243079283f4edb376f0f6442433aecb8ce7e6d0b92d1fe4", size = 219990, upload-time = "2025-10-09T14:16:53.064Z" }
wheels = [
    { url = "https://files.pythonhosted.org/packages/25/7a/b0178788f8dc6cafce37a212c99565fa1fe7872c70c6c9c1e1a372d9d88f/rich-14.2.0-py3-none-any.whl", hash = "sha256:76bc51fe2e57d2b1be1f96c524b890b816e334ab4c1e45888799bfaab0021edd", size = 243393, upload-time = "2025-10-09T14:16:51.245Z" },
]

[[package]]
name = "rnet"
version = "3.0.0rc13"
source = { registry = "https://pypi.org/simple" }
sdist = { url = "https://files.pythonhosted.org/packages/5b/b6/94a8fcb5ba76693c706c6fff1168accae86e396d35e4c73bc3561a3b392e/rnet-3.0.0rc13.tar.gz", hash = "sha256:1ea43c39f01a10c06ddf9380c73acec39000184f72c915bf4e6791925ceb0117", size = 668335, upload-time = "2025-11-21T10:23:26.749Z" }
wheels = [
    { url = "https://files.pythonhosted.org/packages/28/80/b82852a3fa77a4f29998d60b15640fa56cc8bde8a303748c9bbd9ba012f8/rnet-3.0.0rc13-cp311-abi3-macosx_10_12_x86_64.whl", hash = "sha256:e73617fd9d03bed77f26c467869a5e4c5dc0d8352fd98e8a25247c9d176af2aa", size = 3978348, upload-time = "2025-11-21T10:23:08.029Z" },
    { url = "https://files.pythonhosted.org/packages/d1/84/d26579d5365da18fedf70a195e604b9722e4a8721f355a05c986109de02d/rnet-3.0.0rc13-cp311-abi3-macosx_11_0_arm64.whl", hash = "sha256:f7bf3089c81f9eaf99599d5e7a9d3730d46adc03b53383dac9c0de8812314c41", size = 3738213, upload-time = "2025-11-21T10:23:03.346Z" },
    { url = "https://files.pythonhosted.org/packages/3b/0c/6884d0c4e34a3d4af4535d9a6510912b6d7316163a2a0aee295639678942/rnet-3.0.0rc13-cp311-abi3-manylinux_2_17_x86_64.manylinux2014_x86_64.whl", hash = "sha256:440e916a6bc0095186d1988896c1f2f558fc3a6351a69138480cc87dfa023b37", size = 4100501, upload-time = "2025-11-21T10:22:58.659Z" },
    { url = "https://files.pythonhosted.org/packages/c4/49/31a30d4b936266ea54b05918e296bd85591a6ebb8af751d0ebb891272173/rnet-3.0.0rc13-cp311-abi3-manylinux_2_34_aarch64.whl", hash = "sha256:71f83aa627a8d8ca0eb425f23df73f8a2958215fa6f12c0e8cbc5c330dc2b1a2", size = 4126738, upload-time = "2025-11-21T10:22:43.242Z" },
    { url = "https://files.pythonhosted.org/packages/44/2e/f0c8edb9014be5c11e307c991999c640dce65b97baa8f7bb3383aaec7c44/rnet-3.0.0rc13-cp311-abi3-manylinux_2_34_armv7l.whl", hash = "sha256:5c34fd4dcffd6f688a59964ff1b976d1d80491719c47e997acd8d75ba71be5de", size = 3847570, upload-time = "2025-11-21T10:22:48.655Z" },
    { url = "https://files.pythonhosted.org/packages/d6/88/1b4e713ff3f45763664ffe7735c29ac81a482f5c98749727e5c1813e2160/rnet-3.0.0rc13-cp311-abi3-manylinux_2_34_i686.whl", hash = "sha256:e8f7f493ca0fc23c4f0dcc040e26f00707ced24a33a67567d01f7e1c96e94816", size = 4240094, upload-time = "2025-11-21T10:22:53.684Z" },
    { url = "https://files.pythonhosted.org/packages/e7/f1/d394df2c4c2e7ad693e4ac9b18af7d4c792295aaa377dcc25af6c7c706d1/rnet-3.0.0rc13-cp311-abi3-musllinux_1_2_aarch64.whl", hash = "sha256:2cc0eec7e9f0db71d5287370fb8645e23ada28b2879613add3d9a41f16601c2f", size = 3938133, upload-time = "2025-11-21T10:23:12.417Z" },
    { url = "https://files.pythonhosted.org/packages/38/44/0004c8fd55a7c8f4f1243e8696b15599b0d29332bbdf4b8f00727b7fc238/rnet-3.0.0rc13-cp311-abi3-musllinux_1_2_armv7l.whl", hash = "sha256:4f629538acdc5e44a88bac6c8ef4c0c919ffc07ebdb852212049ffac366ca00d", size = 3874053, upload-time = "2025-11-21T10:23:16.739Z" },
    { url = "https://files.pythonhosted.org/packages/aa/fb/b12b2e5acb59c596cdb17e8809bd6b288e782698a5ba4555f57406f9e869/rnet-3.0.0rc13-cp311-abi3-musllinux_1_2_i686.whl", hash = "sha256:250be122379ba51d9abf5e03a04a5151e61938d312a45ec418436bdaf38d7f3a", size = 3973653, upload-time = "2025-11-21T10:23:21.458Z" },
    { url = "https://files.pythonhosted.org/packages/8f/90/12fe8156d64343d8d9980c658911ddbdd73c1c60886760507e2182c6c707/rnet-3.0.0rc13-cp311-abi3-musllinux_1_2_x86_64.whl", hash = "sha256:61d7507856cb5c5cc5aef8d34091cc69f18b00e42737643a1a46ff640bfd8227", size = 4148022, upload-time = "2025-11-21T10:23:25.397Z" },
    { url = "https://files.pythonhosted.org/packages/6d/64/5ae6c9c3c4acee9c8526d7c4f048d0ae869785a66f9252d3c7e052bd6053/rnet-3.0.0rc13-cp311-abi3-win32.whl", hash = "sha256:6dac9a15eac935aa22f5c40d07374f70344075e8ca35f0f728b0a217488ca4f6", size = 3514894, upload-time = "2025-11-21T10:23:41.033Z" },
    { url = "https://files.pythonhosted.org/packages/a4/93/fb2fc3fd20b89553055cb2169d320ab5cb84e0ee87cfb8b2acaba4ba6c0a/rnet-3.0.0rc13-cp311-abi3-win_amd64.whl", hash = "sha256:750c8f6896bcba47e63c845ce09b3d67a24f62a146e7362a5cdb089bdc613895", size = 3853740, upload-time = "2025-11-21T10:23:36.119Z" },
    { url = "https://files.pythonhosted.org/packages/03/e0/0521c966a1fced8969f4a8f77aa0a7d41bf33f962b0a3ea51cf868a69ce9/rnet-3.0.0rc13-cp311-abi3-win_arm64.whl", hash = "sha256:24701f0327a9d921f570f5845854f98a2a496292b18e8973e74acd2b77405ca0", size = 3515852, upload-time = "2025-11-21T10:23:30.912Z" },
    { url = "https://files.pythonhosted.org/packages/53/24/5e3b8a15f187f81b744c41340f862f7027a449f33fb85aeface6d0889955/rnet-3.0.0rc13-cp314-abi3-android_21_arm64_v8a.whl", hash = "sha256:42b4f1dc8da3e31655f4f45b83a72611eb810c11be24b4a66511a10c99160f3e", size = 3916744, upload-time = "2025-11-21T10:22:35.93Z" },
    { url = "https://files.pythonhosted.org/packages/69/d2/ee6907594081afba497172285d9540a572c9d2b149fdd7549c1f03d7a4c5/rnet-3.0.0rc13-cp314-abi3-android_21_x86_64.whl", hash = "sha256:5afe96c8e443aa7cba182b6cf777cc43f005502dc61de5b35a9f7c1a336f098a", size = 4039486, upload-time = "2025-11-21T10:22:38.128Z" },
    { url = "https://files.pythonhosted.org/packages/f0/c8/f8c86b50054a1c60d44e47b55f45d9e74da4c42b010f862602a7c75fb739/rnet-3.0.0rc13-cp314-cp314t-macosx_10_12_x86_64.whl", hash = "sha256:0841f92a277c998b001ae27beaa4589cffacf0e4354f52acc2beff16bbe16336", size = 3965196, upload-time = "2025-11-21T10:23:06.621Z" },
    { url = "https://files.pythonhosted.org/packages/1e/20/1001ecd4f1a3fac5b59aef951d1a667f31a6cf6d7b232cdc2ddbfe626a82/rnet-3.0.0rc13-cp314-cp314t-macosx_11_0_arm64.whl", hash = "sha256:3cdf4392454580a47c55f10f3e9bf48b5396140236098f52bc0c7ba7b01fe80d", size = 3722995, upload-time = "2025-11-21T10:23:01.778Z" },
    { url = "https://files.pythonhosted.org/packages/69/b3/1d64d0dc85211e253a769f9ebee9ec70c4361fa2b36b5b5ff9a174f0b83e/rnet-3.0.0rc13-cp314-cp314t-manylinux_2_17_x86_64.manylinux2014_x86_64.whl", hash = "sha256:7430aad0a49eb73a4d4a79e11704cc04065707cb54c88695eae48f9639c5f1cd", size = 4097008, upload-time = "2025-11-21T10:22:57.186Z" },
    { url = "https://files.pythonhosted.org/packages/8e/77/7667a106fb595838d623526769817b6d297f00ed2073c06e07dadd9f49a8/rnet-3.0.0rc13-cp314-cp314t-manylinux_2_34_aarch64.whl", hash = "sha256:b734a36823c01945d8ab4b3f885be7765415d7ee248bf27cfcf310e6a6800987", size = 4121941, upload-time = "2025-11-21T10:22:41.866Z" },
    { url = "https://files.pythonhosted.org/packages/ba/eb/0b5f8f1aa2ff20e76261b3a78b66bb2d0ef89247b7095d0add7849c3188a/rnet-3.0.0rc13-cp314-cp314t-manylinux_2_34_armv7l.whl", hash = "sha256:40dd8b15b18baf9fed7922960afba37f6418066227f4af9ac058183ee9b83c47", size = 3838539, upload-time = "2025-11-21T10:22:46.869Z" },
    { url = "https://files.pythonhosted.org/packages/9e/30/1a842cd0d55ce29e6caf28c9e4538730108e2c42b95d919704d760f93e80/rnet-3.0.0rc13-cp314-cp314t-manylinux_2_34_i686.whl", hash = "sha256:807efabdf6b29a47fe4061fc280079f6be95f8b809a44b90f1564b3ed402cf60", size = 4232735, upload-time = "2025-11-21T10:22:51.784Z" },
    { url = "https://files.pythonhosted.org/packages/6f/58/005c5bac5860ef50967abf62b422a9139f4b74b4644c3879b11fcc96dac8/rnet-3.0.0rc13-cp314-cp314t-musllinux_1_2_aarch64.whl", hash = "sha256:49d9cf7991444f04aef96767986968c2084ff92df4546d13aec7f85bd97262ad", size = 3932970, upload-time = "2025-11-21T10:23:11.122Z" },
    { url = "https://files.pythonhosted.org/packages/f9/9d/cfc44381d591418af0db0aa7f0f6dee83a3478c5908703abd705e17331fa/rnet-3.0.0rc13-cp314-cp314t-musllinux_1_2_armv7l.whl", hash = "sha256:8101d5a6e7f31025d11d3818b50bed5aedb783d4e3b7b3abe957e7e9dbf852bc", size = 3864505, upload-time = "2025-11-21T10:23:15.344Z" },
    { url = "https://files.pythonhosted.org/packages/9f/85/30e3d4071d95cbc687680b6c2e6885518c56c749ac54c06b147146520252/rnet-3.0.0rc13-cp314-cp314t-musllinux_1_2_i686.whl", hash = "sha256:7b505aa063b479ddffdaddd1a6f8e97d2c26b45b507aa03c197bf587f4b65924", size = 3969547, upload-time = "2025-11-21T10:23:20.106Z" },
    { url = "https://files.pythonhosted.org/packages/2d/11/52d6edda38ee9252387a6a9ed614ea5b9cebf28cc5af7826b5ec22dd9686/rnet-3.0.0rc13-cp314-cp314t-musllinux_1_2_x86_64.whl", hash = "sha256:e169b605293be3f9b015419346ecc1636366fcc4c3e64063845c15a767de0a88", size = 4145138, upload-time = "2025-11-21T10:23:24.104Z" },
    { url = "https://files.pythonhosted.org/packages/61/8f/31eaf9b8823884cb8551b2500aaeea74206c8dd2de4ed48bedcce324f248/rnet-3.0.0rc13-cp314-cp314t-win32.whl", hash = "sha256:7ed714beee842e0242a3c72cd59ad8404e5fcd21a5250ebf0eb9a7d45151aebe", size = 3505378, upload-time = "2025-11-21T10:23:39.151Z" },
    { url = "https://files.pythonhosted.org/packages/de/69/ae63b0a57166bc0f8acd53cabcc2b5329554b887232f2f134495bffd3179/rnet-3.0.0rc13-cp314-cp314t-win_amd64.whl", hash = "sha256:f4bbaab2b74af56d80917c79f6b63dd64c7ff8d22a37568c649c431b2b715835", size = 3851600, upload-time = "2025-11-21T10:23:34.766Z" },
    { url = "https://files.pythonhosted.org/packages/0a/e2/c119324e355c945f1c1e49671a32d82f912a94e8c96a1a0f4c41f0de9678/rnet-3.0.0rc13-cp314-cp314t-win_arm64.whl", hash = "sha256:677ead97bce5f818b4f930971c7c93a938b0e330e4d0e7768330fea327813e11", size = 3509433, upload-time = "2025-11-21T10:23:29.533Z" },
]

[[package]]
name = "ruff"
version = "0.14.7"
source = { registry = "https://pypi.org/simple" }
sdist = { url = "https://files.pythonhosted.org/packages/b7/5b/dd7406afa6c95e3d8fa9d652b6d6dd17dd4a6bf63cb477014e8ccd3dcd46/ruff-0.14.7.tar.gz", hash = "sha256:3417deb75d23bd14a722b57b0a1435561db65f0ad97435b4cf9f85ffcef34ae5", size = 5727324, upload-time = "2025-11-28T20:55:10.525Z" }
wheels = [
    { url = "https://files.pythonhosted.org/packages/8c/b1/7ea5647aaf90106f6d102230e5df874613da43d1089864da1553b899ba5e/ruff-0.14.7-py3-none-linux_armv6l.whl", hash = "sha256:b9d5cb5a176c7236892ad7224bc1e63902e4842c460a0b5210701b13e3de4fca", size = 13414475, upload-time = "2025-11-28T20:54:54.569Z" },
    { url = "https://files.pythonhosted.org/packages/af/19/fddb4cd532299db9cdaf0efdc20f5c573ce9952a11cb532d3b859d6d9871/ruff-0.14.7-py3-none-macosx_10_12_x86_64.whl", hash = "sha256:3f64fe375aefaf36ca7d7250292141e39b4cea8250427482ae779a2aa5d90015", size = 13634613, upload-time = "2025-11-28T20:55:17.54Z" },
    { url = "https://files.pythonhosted.org/packages/40/2b/469a66e821d4f3de0440676ed3e04b8e2a1dc7575cf6fa3ba6d55e3c8557/ruff-0.14.7-py3-none-macosx_11_0_arm64.whl", hash = "sha256:93e83bd3a9e1a3bda64cb771c0d47cda0e0d148165013ae2d3554d718632d554", size = 12765458, upload-time = "2025-11-28T20:55:26.128Z" },
    { url = "https://files.pythonhosted.org/packages/f1/05/0b001f734fe550bcfde4ce845948ac620ff908ab7241a39a1b39bb3c5f49/ruff-0.14.7-py3-none-manylinux_2_17_aarch64.manylinux2014_aarch64.whl", hash = "sha256:3838948e3facc59a6070795de2ae16e5786861850f78d5914a03f12659e88f94", size = 13236412, upload-time = "2025-11-28T20:55:28.602Z" },
    { url = "https://files.pythonhosted.org/packages/11/36/8ed15d243f011b4e5da75cd56d6131c6766f55334d14ba31cce5461f28aa/ruff-0.14.7-py3-none-manylinux_2_17_armv7l.manylinux2014_armv7l.whl", hash = "sha256:24c8487194d38b6d71cd0fd17a5b6715cda29f59baca1defe1e3a03240f851d1", size = 13182949, upload-time = "2025-11-28T20:55:33.265Z" },
    { url = "https://files.pythonhosted.org/packages/3b/cf/fcb0b5a195455729834f2a6eadfe2e4519d8ca08c74f6d2b564a4f18f553/ruff-0.14.7-py3-none-manylinux_2_17_i686.manylinux2014_i686.whl", hash = "sha256:79c73db6833f058a4be8ffe4a0913b6d4ad41f6324745179bd2aa09275b01d0b", size = 13816470, upload-time = "2025-11-28T20:55:08.203Z" },
    { url = "https://files.pythonhosted.org/packages/7f/5d/34a4748577ff7a5ed2f2471456740f02e86d1568a18c9faccfc73bd9ca3f/ruff-0.14.7-py3-none-manylinux_2_17_ppc64.manylinux2014_ppc64.whl", hash = "sha256:12eb7014fccff10fc62d15c79d8a6be4d0c2d60fe3f8e4d169a0d2def75f5dad", size = 15289621, upload-time = "2025-11-28T20:55:30.837Z" },
    { url = "https://files.pythonhosted.org/packages/53/53/0a9385f047a858ba133d96f3f8e3c9c66a31cc7c4b445368ef88ebeac209/ruff-0.14.7-py3-none-manylinux_2_17_ppc64le.manylinux2014_ppc64le.whl", hash = "sha256:6c623bbdc902de7ff715a93fa3bb377a4e42dd696937bf95669118773dbf0c50", size = 14975817, upload-time = "2025-11-28T20:55:24.107Z" },
    { url = "https://files.pythonhosted.org/packages/a8/d7/2f1c32af54c3b46e7fadbf8006d8b9bcfbea535c316b0bd8813d6fb25e5d/ruff-0.14.7-py3-none-manylinux_2_17_s390x.manylinux2014_s390x.whl", hash = "sha256:f53accc02ed2d200fa621593cdb3c1ae06aa9b2c3cae70bc96f72f0000ae97a9", size = 14284549, upload-time = "2025-11-28T20:55:06.08Z" },
    { url = "https://files.pythonhosted.org/packages/92/05/434ddd86becd64629c25fb6b4ce7637dd52a45cc4a4415a3008fe61c27b9/ruff-0.14.7-py3-none-manylinux_2_17_x86_64.manylinux2014_x86_64.whl", hash = "sha256:281f0e61a23fcdcffca210591f0f53aafaa15f9025b5b3f9706879aaa8683bc4", size = 14071389, upload-time = "2025-11-28T20:55:35.617Z" },
    { url = "https://files.pythonhosted.org/packages/ff/50/fdf89d4d80f7f9d4f420d26089a79b3bb1538fe44586b148451bc2ba8d9c/ruff-0.14.7-py3-none-manylinux_2_31_riscv64.whl", hash = "sha256:dbbaa5e14148965b91cb090236931182ee522a5fac9bc5575bafc5c07b9f9682", size = 14202679, upload-time = "2025-11-28T20:55:01.472Z" },
    { url = "https://files.pythonhosted.org/packages/77/54/87b34988984555425ce967f08a36df0ebd339bb5d9d0e92a47e41151eafc/ruff-0.14.7-py3-none-musllinux_1_2_aarch64.whl", hash = "sha256:1464b6e54880c0fe2f2d6eaefb6db15373331414eddf89d6b903767ae2458143", size = 13147677, upload-time = "2025-11-28T20:55:19.933Z" },
    { url = "https://files.pythonhosted.org/packages/67/29/f55e4d44edfe053918a16a3299e758e1c18eef216b7a7092550d7a9ec51c/ruff-0.14.7-py3-none-musllinux_1_2_armv7l.whl", hash = "sha256:f217ed871e4621ea6128460df57b19ce0580606c23aeab50f5de425d05226784", size = 13151392, upload-time = "2025-11-28T20:55:21.967Z" },
    { url = "https://files.pythonhosted.org/packages/36/69/47aae6dbd4f1d9b4f7085f4d9dcc84e04561ee7ad067bf52e0f9b02e3209/ruff-0.14.7-py3-none-musllinux_1_2_i686.whl", hash = "sha256:6be02e849440ed3602d2eb478ff7ff07d53e3758f7948a2a598829660988619e", size = 13412230, upload-time = "2025-11-28T20:55:12.749Z" },
    { url = "https://files.pythonhosted.org/packages/b7/4b/6e96cb6ba297f2ba502a231cd732ed7c3de98b1a896671b932a5eefa3804/ruff-0.14.7-py3-none-musllinux_1_2_x86_64.whl", hash = "sha256:19a0f116ee5e2b468dfe80c41c84e2bbd6b74f7b719bee86c2ecde0a34563bcc", size = 14195397, upload-time = "2025-11-28T20:54:56.896Z" },
    { url = "https://files.pythonhosted.org/packages/69/82/251d5f1aa4dcad30aed491b4657cecd9fb4274214da6960ffec144c260f7/ruff-0.14.7-py3-none-win32.whl", hash = "sha256:e33052c9199b347c8937937163b9b149ef6ab2e4bb37b042e593da2e6f6cccfa", size = 13126751, upload-time = "2025-11-28T20:55:03.47Z" },
    { url = "https://files.pythonhosted.org/packages/a8/b5/d0b7d145963136b564806f6584647af45ab98946660d399ec4da79cae036/ruff-0.14.7-py3-none-win_amd64.whl", hash = "sha256:e17a20ad0d3fad47a326d773a042b924d3ac31c6ca6deb6c72e9e6b5f661a7c6", size = 14531726, upload-time = "2025-11-28T20:54:59.121Z" },
    { url = "https://files.pythonhosted.org/packages/1d/d2/1637f4360ada6a368d3265bf39f2cf737a0aaab15ab520fc005903e883f8/ruff-0.14.7-py3-none-win_arm64.whl", hash = "sha256:be4d653d3bea1b19742fcc6502354e32f65cd61ff2fbdb365803ef2c2aec6228", size = 13609215, upload-time = "2025-11-28T20:55:15.375Z" },
]

[[package]]
name = "shellingham"
version = "1.5.4"
source = { registry = "https://pypi.org/simple" }
sdist = { url = "https://files.pythonhosted.org/packages/58/15/8b3609fd3830ef7b27b655beb4b4e9c62313a4e8da8c676e142cc210d58e/shellingham-1.5.4.tar.gz", hash = "sha256:8dbca0739d487e5bd35ab3ca4b36e11c4078f3a234bfce294b0a0291363404de", size = 10310, upload-time = "2023-10-24T04:13:40.426Z" }
wheels = [
    { url = "https://files.pythonhosted.org/packages/e0/f9/0595336914c5619e5f28a1fb793285925a8cd4b432c9da0a987836c7f822/shellingham-1.5.4-py2.py3-none-any.whl", hash = "sha256:7ecfff8f2fd72616f7481040475a65b2bf8af90a56c89140852d1120324e8686", size = 9755, upload-time = "2023-10-24T04:13:38.866Z" },
]

[[package]]
name = "telegrinder"
version = "1.0.dev8"
source = { git = "https://github.com/timoniq/telegrinder.git?rev=dev#57a618b08d944858aa2b6d383316f790951de0a3" }
dependencies = [
    { name = "certifi" },
    { name = "choicelib" },
    { name = "colorama" },
    { name = "envparse" },
    { name = "kungfu" },
    { name = "msgspec" },
    { name = "nodnod" },
    { name = "rnet" },
    { name = "vbml2" },
]

[[package]]
name = "typer"
version = "0.20.0"
source = { registry = "https://pypi.org/simple" }
dependencies = [
    { name = "click" },
    { name = "rich" },
    { name = "shellingham" },
    { name = "typing-extensions" },
]
sdist = { url = "https://files.pythonhosted.org/packages/8f/28/7c85c8032b91dbe79725b6f17d2fffc595dff06a35c7a30a37bef73a1ab4/typer-0.20.0.tar.gz", hash = "sha256:1aaf6494031793e4876fb0bacfa6a912b551cf43c1e63c800df8b1a866720c37", size = 106492, upload-time = "2025-10-20T17:03:49.445Z" }
wheels = [
    { url = "https://files.pythonhosted.org/packages/78/64/7713ffe4b5983314e9d436a90d5bd4f63b6054e2aca783a3cfc44cb95bbf/typer-0.20.0-py3-none-any.whl", hash = "sha256:5b463df6793ec1dca6213a3cf4c0f03bc6e322ac5e16e13ddd622a889489784a", size = 47028, upload-time = "2025-10-20T17:03:47.617Z" },
]

[[package]]
name = "typing-extensions"
version = "4.15.0"
source = { registry = "https://pypi.org/simple" }
sdist = { url = "https://files.pythonhosted.org/packages/72/94/1a15dd82efb362ac84269196e94cf00f187f7ed21c242792a923cdb1c61f/typing_extensions-4.15.0.tar.gz", hash = "sha256:0cea48d173cc12fa28ecabc3b837ea3cf6f38c6d1136f85cbaaf598984861466", size = 109391, upload-time = "2025-08-25T13:49:26.313Z" }
wheels = [
    { url = "https://files.pythonhosted.org/packages/18/67/36e9267722cc04a6b9f15c7f3441c2363321a3ea07da7ae0c0707beb2a9c/typing_extensions-4.15.0-py3-none-any.whl", hash = "sha256:f0fa19c6845758ab08074a0cfa8b7aecb71c999ca73d62883bc25cc018c4e548", size = 44614, upload-time = "2025-08-25T13:49:24.86Z" },
]

[[package]]
name = "vbml2"
version = "2.0.0"
source = { git = "https://github.com/tesseradecade/vbml?rev=master#d763fedf6dcbcd611664a8ff3430ba4bb787a96c" }
dependencies = [
    { name = "kungfu" },
]
